
Microsoft Visual Studio Solution File, Format Version 11.00
# Visual Studio 2010
# SharpDevelop 5.1
Project("{FAE04EC0-301F-11D3-BF4B-00C04F79EFBC}") = "Ejercicio2", "Ejercicio2.csproj", "{07DFD2A2-CC08-4755-9391-DD41651A1207}"
EndProject
Global
	GlobalSection(SolutionConfigurationPlatforms) = preSolution
		Debug|Any CPU = Debug|Any CPU
		Release|Any CPU = Release|Any CPU
	EndGlobalSection
	GlobalSection(ProjectConfigurationPlatforms) = postSolution
		{07DFD2A2-CC08-4755-9391-DD41651A1207}.Debug|Any CPU.ActiveCfg = Debug|Any CPU
		{07DFD2A2-CC08-4755-9391-DD41651A1207}.Debug|Any CPU.Build.0 = Debug|Any CPU
		{07DFD2A2-CC08-4755-9391-DD41651A1207}.Release|Any CPU.ActiveCfg = Release|Any CPU
		{07DFD2A2-CC08-4755-9391-DD41651A1207}.Release|Any CPU.Build.0 = Release|Any CPU
	EndGlobalSection
EndGlobal
